
Microsoft Visual Studio Solution File, Format Version 12.00
# Visual Studio 2013
VisualStudioVersion = 12.0.31101.0
MinimumVisualStudioVersion = 10.0.40219.1
Project("{FAE04EC0-301F-11D3-BF4B-00C04F79EFBC}") = "QUYDX_INVENTORY", "QUYDX_INVENTORY\QUYDX_INVENTORY.csproj", "{0567DCEA-1BBD-4F2A-B395-9D39976E6EA4}"
EndProject
Project("{FAE04EC0-301F-11D3-BF4B-00C04F79EFBC}") = "MODEL", "MODEL\MODEL.csproj", "{6CB1954E-71B4-4205-83E2-DD51761C93DE}"
EndProject
Project("{FAE04EC0-301F-11D3-BF4B-00C04F79EFBC}") = "DAL", "DAL\DAL.csproj", "{9BABB1F1-A603-470F-9B70-B871F0730480}"
EndProject
Project("{FAE04EC0-301F-11D3-BF4B-00C04F79EFBC}") = "BSL", "BSL\BSL.csproj", "{036FFB99-E188-404E-A486-C8F613FBFFE9}"
EndProject
Project("{FAE04EC0-301F-11D3-BF4B-00C04F79EFBC}") = "COMMON", "COMMON\COMMON.csproj", "{7C5A8787-69EF-4A70-AEFB-C2695C08E510}"
EndProject
Project("{FAE04EC0-301F-11D3-BF4B-00C04F79EFBC}") = "BO", "BO\BO.csproj", "{9B0E457B-FDE1-4D3F-BACE-494F5C3668A2}"
EndProject
Project("{2150E333-8FDC-42A3-9474-1A3956D46DE8}") = "Presentation", "Presentation", "{3819171E-BEED-4190-A485-0877D132801B}"
EndProject
Project("{2150E333-8FDC-42A3-9474-1A3956D46DE8}") = "BusinessLayer", "BusinessLayer", "{AEA5D5B2-A1A0-4CFE-BD7F-A0F1CC0A34B1}"
EndProject
Project("{2150E333-8FDC-42A3-9474-1A3956D46DE8}") = "DataAccessLayer", "DataAccessLayer", "{674291F7-389F-45CF-AEB6-5646B32AC34D}"
EndProject
Global
	GlobalSection(SolutionConfigurationPlatforms) = preSolution
		Debug|Any CPU = Debug|Any CPU
		Release|Any CPU = Release|Any CPU
	EndGlobalSection
	GlobalSection(ProjectConfigurationPlatforms) = postSolution
		{0567DCEA-1BBD-4F2A-B395-9D39976E6EA4}.Debug|Any CPU.ActiveCfg = Debug|Any CPU
		{0567DCEA-1BBD-4F2A-B395-9D39976E6EA4}.Debug|Any CPU.Build.0 = Debug|Any CPU
		{0567DCEA-1BBD-4F2A-B395-9D39976E6EA4}.Release|Any CPU.ActiveCfg = Release|Any CPU
		{0567DCEA-1BBD-4F2A-B395-9D39976E6EA4}.Release|Any CPU.Build.0 = Release|Any CPU
		{6CB1954E-71B4-4205-83E2-DD51761C93DE}.Debug|Any CPU.ActiveCfg = Debug|Any CPU
		{6CB1954E-71B4-4205-83E2-DD51761C93DE}.Debug|Any CPU.Build.0 = Debug|Any CPU
		{6CB1954E-71B4-4205-83E2-DD51761C93DE}.Release|Any CPU.ActiveCfg = Release|Any CPU
		{6CB1954E-71B4-4205-83E2-DD51761C93DE}.Release|Any CPU.Build.0 = Release|Any CPU
		{9BABB1F1-A603-470F-9B70-B871F0730480}.Debug|Any CPU.ActiveCfg = Debug|Any CPU
		{9BABB1F1-A603-470F-9B70-B871F0730480}.Debug|Any CPU.Build.0 = Debug|Any CPU
		{9BABB1F1-A603-470F-9B70-B871F0730480}.Release|Any CPU.ActiveCfg = Release|Any CPU
		{9BABB1F1-A603-470F-9B70-B871F0730480}.Release|Any CPU.Build.0 = Release|Any CPU
		{036FFB99-E188-404E-A486-C8F613FBFFE9}.Debug|Any CPU.ActiveCfg = Debug|Any CPU
		{036FFB99-E188-404E-A486-C8F613FBFFE9}.Debug|Any CPU.Build.0 = Debug|Any CPU
		{036FFB99-E188-404E-A486-C8F613FBFFE9}.Release|Any CPU.ActiveCfg = Release|Any CPU
		{036FFB99-E188-404E-A486-C8F613FBFFE9}.Release|Any CPU.Build.0 = Release|Any CPU
		{7C5A8787-69EF-4A70-AEFB-C2695C08E510}.Debug|Any CPU.ActiveCfg = Debug|Any CPU
		{7C5A8787-69EF-4A70-AEFB-C2695C08E510}.Debug|Any CPU.Build.0 = Debug|Any CPU
		{7C5A8787-69EF-4A70-AEFB-C2695C08E510}.Release|Any CPU.ActiveCfg = Release|Any CPU
		{7C5A8787-69EF-4A70-AEFB-C2695C08E510}.Release|Any CPU.Build.0 = Release|Any CPU
		{9B0E457B-FDE1-4D3F-BACE-494F5C3668A2}.Debug|Any CPU.ActiveCfg = Debug|Any CPU
		{9B0E457B-FDE1-4D3F-BACE-494F5C3668A2}.Debug|Any CPU.Build.0 = Debug|Any CPU
		{9B0E457B-FDE1-4D3F-BACE-494F5C3668A2}.Release|Any CPU.ActiveCfg = Release|Any CPU
		{9B0E457B-FDE1-4D3F-BACE-494F5C3668A2}.Release|Any CPU.Build.0 = Release|Any CPU
	EndGlobalSection
	GlobalSection(SolutionProperties) = preSolution
		HideSolutionNode = FALSE
	EndGlobalSection
	GlobalSection(NestedProjects) = preSolution
		{0567DCEA-1BBD-4F2A-B395-9D39976E6EA4} = {3819171E-BEED-4190-A485-0877D132801B}
		{6CB1954E-71B4-4205-83E2-DD51761C93DE} = {674291F7-389F-45CF-AEB6-5646B32AC34D}
		{9BABB1F1-A603-470F-9B70-B871F0730480} = {674291F7-389F-45CF-AEB6-5646B32AC34D}
		{036FFB99-E188-404E-A486-C8F613FBFFE9} = {AEA5D5B2-A1A0-4CFE-BD7F-A0F1CC0A34B1}
		{9B0E457B-FDE1-4D3F-BACE-494F5C3668A2} = {AEA5D5B2-A1A0-4CFE-BD7F-A0F1CC0A34B1}
	EndGlobalSection
EndGlobal
